
Microsoft Visual Studio Solution File, Format Version 12.00
# Visual Studio Version 16
VisualStudioVersion = 16.0.31829.152
MinimumVisualStudioVersion = 10.0.40219.1
Project("{FAE04EC0-301F-11D3-BF4B-00C04F79EFBC}") = "JSWithWebForms", "JSWithWebForms.csproj", "{FCF99AC5-8EFE-4EDA-B7CA-A89665B70978}"
EndProject
Global
	GlobalSection(SolutionConfigurationPlatforms) = preSolution
		Debug|Any CPU = Debug|Any CPU
		Release|Any CPU = Release|Any CPU
	EndGlobalSection
	GlobalSection(ProjectConfigurationPlatforms) = postSolution
		{FCF99AC5-8EFE-4EDA-B7CA-A89665B70978}.Debug|Any CPU.ActiveCfg = Debug|Any CPU
		{FCF99AC5-8EFE-4EDA-B7CA-A89665B70978}.Debug|Any CPU.Build.0 = Debug|Any CPU
		{FCF99AC5-8EFE-4EDA-B7CA-A89665B70978}.Release|Any CPU.ActiveCfg = Release|Any CPU
		{FCF99AC5-8EFE-4EDA-B7CA-A89665B70978}.Release|Any CPU.Build.0 = Release|Any CPU
	EndGlobalSection
	GlobalSection(SolutionProperties) = preSolution
		HideSolutionNode = FALSE
	EndGlobalSection
	GlobalSection(ExtensibilityGlobals) = postSolution
		SolutionGuid = {30E0BA03-5963-4966-9B12-9D59DBDE3B8F}
	EndGlobalSection
EndGlobal
